// !$*UTF8*$!
{
	archiveVersion = 1;
	classes = {
	};
	objectVersion = 50;
	objects = {

/* Begin PBXBuildFile section */
		DE7A9F19224F626B00ECEA2F /* AppDelegate.swift in Sources */ = {isa = PBXBuildFile; fileRef = DE7A9F18224F626B00ECEA2F /* AppDelegate.swift */; };
		DE7A9F1B224F626B00ECEA2F /* ViewController.swift in Sources */ = {isa = PBXBuildFile; fileRef = DE7A9F1A224F626B00ECEA2F /* ViewController.swift */; };
		DE7A9F1E224F626B00ECEA2F /* Main.storyboard in Resources */ = {isa = PBXBuildFile; fileRef = DE7A9F1C224F626B00ECEA2F /* Main.storyboard */; };
		DE7A9F20224F626D00ECEA2F /* Assets.xcassets in Resources */ = {isa = PBXBuildFile; fileRef = DE7A9F1F224F626D00ECEA2F /* Assets.xcassets */; };
		DE7A9F23224F626D00ECEA2F /* LaunchScreen.storyboard in Resources */ = {isa = PBXBuildFile; fileRef = DE7A9F21224F626D00ECEA2F /* LaunchScreen.storyboard */; };
/* End PBXBuildFile section */

/* Begin PBXFileReference section */
		DE7A9F15224F626B00ECEA2F /* TestKeyframes.app */ = {isa = PBXFileReference; explicitFileType = wrapper.application; includeInIndex = 0; path = TestKeyframes.app; sourceTree = BUILT_PRODUCTS_DIR; };
		DE7A9F18224F626B00ECEA2F /* AppDelegate.swift */ = {isa = PBXFileReference; lastKnownFileType = sourcecode.swift; path = AppDelegate.swift; sourceTree = "<group>"; };
		DE7A9F1A224F626B00ECEA2F /* ViewController.swift */ = {isa = PBXFileReference; lastKnownFileType = sourcecode.swift; path = ViewController.swift; sourceTree = "<group>"; };
		DE7A9F1D224F626B00ECEA2F /* Base */ = {isa = PBXFileReference; lastKnownFileType = file.storyboard; name = Base; path = Base.lproj/Main.storyboard; sourceTree = "<group>"; };
		DE7A9F1F224F626D00ECEA2F /* Assets.xcassets */ = {isa = PBXFileReference; lastKnownFileType = folder.assetcatalog; path = Assets.xcassets; sourceTree = "<group>"; };
		DE7A9F22224F626D00ECEA2F /* Base */ = {isa = PBXFileReference; lastKnownFileType = file.storyboard; name = Base; path = Base.lproj/LaunchScreen.storyboard; sourceTree = "<group>"; };
		DE7A9F24224F626D00ECEA2F /* Info.plist */ = {isa = PBXFileReference; lastKnownFileType = text.plist.xml; path = Info.plist; sourceTree = "<group>"; };
/* End PBXFileReference section */

/* Begin PBXFrameworksBuildPhase section */
		DE7A9F12224F626B00ECEA2F /* Frameworks */ = {
			isa = PBXFrameworksBuildPhase;
			buildActionMask = 2147483647;
			files = (
			);
			runOnlyForDeploymentPostprocessing = 0;
		};
/* End PBXFrameworksBuildPhase section */

/* Begin PBXGroup section */
		DE7A9F0C224F626B00ECEA2F = {
			isa = PBXGroup;
			children = (
				DE7A9F17224F626B00ECEA2F /* TestKeyframes */,
				DE7A9F16224F626B00ECEA2F /* Products */,
			);
			sourceTree = "<group>";
		};
		DE7A9F16224F626B00ECEA2F /* Products */ = {
			isa = PBXGroup;
			children = (
				DE7A9F15224F626B00ECEA2F /* TestKeyframes.app */,
			);
			name = Products;
			sourceTree = "<group>";
		};
		DE7A9F17224F626B00ECEA2F /* TestKeyframes */ = {
			isa = PBXGroup;
			children = (
				DE7A9F18224F626B00ECEA2F /* AppDelegate.swift */,
				DE7A9F1A224F626B00ECEA2F /* ViewController.swift */,
				DE7A9F1C224F626B00ECEA2F /* Main.storyboard */,
				DE7A9F1F224F626D00ECEA2F /* Assets.xcassets */,
				DE7A9F21224F626D00ECEA2F /* LaunchScreen.storyboard */,
				DE7A9F24224F626D00ECEA2F /* Info.plist */,
			);
			path = TestKeyframes;
			sourceTree = "<group>";
		};
/* End PBXGroup section */

/* Begin PBXNativeTarget section */
		DE7A9F14224F626B00ECEA2F /* TestKeyframes */ = {
			isa = PBXNativeTarget;
			buildConfigurationList = DE7A9F27224F626D00ECEA2F /* Build configuration list for PBXNativeTarget "TestKeyframes" */;
			buildPhases = (
				DE7A9F11224F626B00ECEA2F /* Sources */,
				DE7A9F12224F626B00ECEA2F /* Frameworks */,
				DE7A9F13224F626B00ECEA2F /* Resources */,
			);
			buildRules = (
			);
			dependencies = (
			);
			name = TestKeyframes;
			productName = TestKeyframes;
			productReference = DE7A9F15224F626B00ECEA2F /* TestKeyframes.app */;
			productType = "com.apple.product-type.application";
		};
/* End PBXNativeTarget section */

/* Begin PBXProject section */
		DE7A9F0D224F626B00ECEA2F /* Project object */ = {
			isa = PBXProject;
			attributes = {
				LastSwiftUpdateCheck = 1020;
				LastUpgradeCheck = 1020;
				ORGANIZATIONNAME = "Michele Mola";
				TargetAttributes = {
					DE7A9F14224F626B00ECEA2F = {
						CreatedOnToolsVersion = 10.2;
					};
				};
			};
			buildConfigurationList = DE7A9F10224F626B00ECEA2F /* Build configuration list for PBXProject "TestKeyframes" */;
			compatibilityVersion = "Xcode 9.3";
			developmentRegion = en;
			hasScannedForEncodings = 0;
			knownRegions = (
				en,
				Base,
			);
			mainGroup = DE7A9F0C224F626B00ECEA2F;
			productRefGroup = DE7A9F16224F626B00ECEA2F /* Products */;
			projectDirPath = "";
			projectRoot = "";
			targets = (
				DE7A9F14224F626B00ECEA2F /* TestKeyframes */,
			);
		};
/* End PBXProject section */

/* Begin PBXResourcesBuildPhase section */
		DE7A9F13224F626B00ECEA2F /* Resources */ = {
			isa = PBXResourcesBuildPhase;
			buildActionMask = 2147483647;
			files = (
				DE7A9F23224F626D00ECEA2F /* LaunchScreen.storyboard in Resources */,
				DE7A9F20224F626D00ECEA2F /* Assets.xcassets in Resources */,
				DE7A9F1E224F626B00ECEA2F /* Main.storyboard in Resources */,
			);
			runOnlyForDeploymentPostprocessing = 0;
		};
/* End PBXResourcesBuildPhase section */

/* Begin PBXSourcesBuildPhase section */
		DE7A9F11224F626B00ECEA2F /* Sources */ = {
			isa = PBXSourcesBuildPhase;
			buildActionMask = 2147483647;
			files = (
				DE7A9F1B224F626B00ECEA2F /* ViewController.swift in Sources */,
				DE7A9F19224F626B00ECEA2F /* AppDelegate.swift in Sources */,
			);
			runOnlyForDeploymentPostprocessing = 0;
		};
/* End PBXSourcesBuildPhase section */

/* Begin PBXVariantGroup section */
		DE7A9F1C224F626B00ECEA2F /* Main.storyboard */ = {
			isa = PBXVariantGroup;
			children = (
				DE7A9F1D224F626B00ECEA2F /* Base */,
			);
			name = Main.storyboard;
			sourceTree = "<group>";
		};
		DE7A9F21224F626D00ECEA2F /* LaunchScreen.storyboard */ = {
			isa = PBXVariantGroup;
			children = (
				DE7A9F22224F626D00ECEA2F /* Base */,
			);
			name = LaunchScreen.storyboard;
			sourceTree = "<group>";
		};
/* End PBXVariantGroup section */

/* Begin XCBuildConfiguration section */
		DE7A9F25224F626D00ECEA2F /* Debug */ = {
			isa = XCBuildConfiguration;
			buildSettings = {
				ALWAYS_SEARCH_USER_PATHS = NO;
				CLANG_ANALYZER_NONNULL = YES;
				CLANG_ANALYZER_NUMBER_OBJECT_CONVERSION = YES_AGGRESSIVE;
				CLANG_CXX_LANGUAGE_STANDARD = "gnu++14";
				CLANG_CXX_LIBRARY = "libc++";
				CLANG_ENABLE_MODULES = YES;
				CLANG_ENABLE_OBJC_ARC = YES;
				CLANG_ENABLE_OBJC_WEAK = YES;
				CLANG_WARN_BLOCK_CAPTURE_AUTORELEASING = YES;
				CLANG_WARN_BOOL_CONVERSION = YES;
				CLANG_WARN_COMMA = YES;
				CLANG_WARN_CONSTANT_CONVERSION = YES;
				CLANG_WARN_DEPRECATED_OBJC_IMPLEMENTATIONS = YES;
				CLANG_WARN_DIRECT_OBJC_ISA_USAGE = YES_ERROR;
				CLANG_WARN_DOCUMENTATION_COMMENTS = YES;
				CLANG_WARN_EMPTY_BODY = YES;
				CLANG_WARN_ENUM_CONVERSION = YES;
				CLANG_WARN_INFINITE_RECURSION = YES;
				CLANG_WARN_INT_CONVERSION = YES;
				CLANG_WARN_NON_LITERAL_NULL_CONVERSION = YES;
				CLANG_WARN_OBJC_IMPLICIT_RETAIN_SELF = YES;
				CLANG_WARN_OBJC_LITERAL_CONVERSION = YES;
				CLANG_WARN_OBJC_ROOT_CLASS = YES_ERROR;
				CLANG_WARN_RANGE_LOOP_ANALYSIS = YES;
				CLANG_WARN_STRICT_PROTOTYPES = YES;
				CLANG_WARN_SUSPICIOUS_MOVE = YES;
				CLANG_WARN_UNGUARDED_AVAILABILITY = YES_AGGRESSIVE;
				CLANG_WARN_UNREACHABLE_CODE = YES;
				CLANG_WARN__DUPLICATE_METHOD_MATCH = YES;
				CODE_SIGN_IDENTITY = "iPhone Developer";
				COPY_PHASE_STRIP = NO;
				DEBUG_INFORMATION_FORMAT = dwarf;
				ENABLE_STRICT_OBJC_MSGSEND = YES;
				ENABLE_TESTABILITY = YES;
				GCC_C_LANGUAGE_STANDARD = gnu11;
				GCC_DYNAMIC_NO_PIC = NO;
				GCC_NO_COMMON_BLOCKS = YES;
				GCC_OPTIMIZATION_LEVEL = 0;
				GCC_PREPROCESSOR_DEFINITIONS = (
					"DEBUG=1",
					"$(inherited)",
				);
				GCC_WARN_64_TO_32_BIT_CONVERSION = YES;
				GCC_WARN_ABOUT_RETURN_TYPE = YES_ERROR;
				GCC_WARN_UNDECLARED_SELECTOR = YES;
				GCC_WARN_UNINITIALIZED_AUTOS = YES_AGGRESSIVE;
				GCC_WARN_UNUSED_FUNCTION = YES;
				GCC_WARN_UNUSED_VARIABLE = YES;
				IPHONEOS_DEPLOYMENT_TARGET = 12.2;
				MTL_ENABLE_DEBUG_INFO = INCLUDE_SOURCE;
				MTL_FAST_MATH = YES;
				ONLY_ACTIVE_ARCH = YES;
				SDKROOT = iphoneos;
				SWIFT_ACTIVE_COMPILATION_CONDITIONS = DEBUG;
				SWIFT_OPTIMIZATION_LEVEL = "-Onone";
			};
			name = Debug;
		};
		DE7A9F26224F626D00ECEA2F /* Release */ = {
			isa = XCBuildConfiguration;
			buildSettings = {
				ALWAYS_SEARCH_USER_PATHS = NO;
				CLANG_ANALYZER_NONNULL = YES;
				CLANG_ANALYZER_NUMBER_OBJECT_CONVERSION = YES_AGGRESSIVE;
				CLANG_CXX_LANGUAGE_STANDARD = "gnu++14";
				CLANG_CXX_LIBRARY = "libc++";
				CLANG_ENABLE_MODULES = YES;
				CLANG_ENABLE_OBJC_ARC = YES;
				CLANG_ENABLE_OBJC_WEAK = YES;
				CLANG_WARN_BLOCK_CAPTURE_AUTORELEASING = YES;
				CLANG_WARN_BOOL_CONVERSION = YES;
				CLANG_WARN_COMMA = YES;
				CLANG_WARN_CONSTANT_CONVERSION = YES;
				CLANG_WARN_DEPRECATED_OBJC_IMPLEMENTATIONS = YES;
				CLANG_WARN_DIRECT_OBJC_ISA_USAGE = YES_ERROR;
				CLANG_WARN_DOCUMENTATION_COMMENTS = YES;
				CLANG_WARN_EMPTY_BODY = YES;
				CLANG_WARN_ENUM_CONVERSION = YES;
				CLANG_WARN_INFINITE_RECURSION = YES;
				CLANG_WARN_INT_CONVERSION = YES;
				CLANG_WARN_NON_LITERAL_NULL_CONVERSION = YES;
				CLANG_WARN_OBJC_IMPLICIT_RETAIN_SELF = YES;
				CLANG_WARN_OBJC_LITERAL_CONVERSION = YES;
				CLANG_WARN_OBJC_ROOT_CLASS = YES_ERROR;
				CLANG_WARN_RANGE_LOOP_ANALYSIS = YES;
				CLANG_WARN_STRICT_PROTOTYPES = YES;
				CLANG_WARN_SUSPICIOUS_MOVE = YES;
				CLANG_WARN_UNGUARDED_AVAILABILITY = YES_AGGRESSIVE;
				CLANG_WARN_UNREACHABLE_CODE = YES;
				CLANG_WARN__DUPLICATE_METHOD_MATCH = YES;
				CODE_SIGN_IDENTITY = "iPhone Developer";
				COPY_PHASE_STRIP = NO;
				DEBUG_INFORMATION_FORMAT = "dwarf-with-dsym";
				ENABLE_NS_ASSERTIONS = NO;
				ENABLE_STRICT_OBJC_MSGSEND = YES;
				GCC_C_LANGUAGE_STANDARD = gnu11;
				GCC_NO_COMMON_BLOCKS = YES;
				GCC_WARN_64_TO_32_BIT_CONVERSION = YES;
				GCC_WARN_ABOUT_RETURN_TYPE = YES_ERROR;
				GCC_WARN_UNDECLARED_SELECTOR = YES;
				GCC_WARN_UNINITIALIZED_AUTOS = YES_AGGRESSIVE;
				GCC_WARN_UNUSED_FUNCTION = YES;
				GCC_WARN_UNUSED_VARIABLE = YES;
				IPHONEOS_DEPLOYMENT_TARGET = 12.2;
				MTL_ENABLE_DEBUG_INFO = NO;
				MTL_FAST_MATH = YES;
				SDKROOT = iphoneos;
				SWIFT_COMPILATION_MODE = wholemodule;
				SWIFT_OPTIMIZATION_LEVEL = "-O";
				VALIDATE_PRODUCT = YES;
			};
			name = Release;
		};
		DE7A9F28224F626D00ECEA2F /* Debug */ = {
			isa = XCBuildConfiguration;
			buildSettings = {
				ASSETCATALOG_COMPILER_APPICON_NAME = AppIcon;
				CODE_SIGN_STYLE = Automatic;
				DEVELOPMENT_TEAM = 4F55VCB57F;
				INFOPLIST_FILE = TestKeyframes/Info.plist;
				LD_RUNPATH_SEARCH_PATHS = (
					"$(inherited)",
					"@executable_path/Frameworks",
				);
				PRODUCT_BUNDLE_IDENTIFIER = michelemola.TestKeyframes;
				PRODUCT_NAME = "$(TARGET_NAME)";
				SWIFT_VERSION = 5.0;
				TARGETED_DEVICE_FAMILY = "1,2";
			};
			name = Debug;
		};
		DE7A9F29224F626D00ECEA2F /* Release */ = {
			isa = XCBuildConfiguration;
			buildSettings = {
				ASSETCATALOG_COMPILER_APPICON_NAME = AppIcon;
				CODE_SIGN_STYLE = Automatic;
				DEVELOPMENT_TEAM = 4F55VCB57F;
				INFOPLIST_FILE = TestKeyframes/Info.plist;
				LD_RUNPATH_SEARCH_PATHS = (
					"$(inherited)",
					"@executable_path/Frameworks",
				);
				PRODUCT_BUNDLE_IDENTIFIER = michelemola.TestKeyframes;
				PRODUCT_NAME = "$(TARGET_NAME)";
				SWIFT_VERSION = 5.0;
				TARGETED_DEVICE_FAMILY = "1,2";
			};
			name = Release;
		};
/* End XCBuildConfiguration section */

/* Begin XCConfigurationList section */
		DE7A9F10224F626B00ECEA2F /* Build configuration list for PBXProject "TestKeyframes" */ = {
			isa = XCConfigurationList;
			buildConfigurations = (
				DE7A9F25224F626D00ECEA2F /* Debug */,
				DE7A9F26224F626D00ECEA2F /* Release */,
			);
			defaultConfigurationIsVisible = 0;
			defaultConfigurationName = Release;
		};
		DE7A9F27224F626D00ECEA2F /* Build configuration list for PBXNativeTarget "TestKeyframes" */ = {
			isa = XCConfigurationList;
			buildConfigurations = (
				DE7A9F28224F626D00ECEA2F /* Debug */,
				DE7A9F29224F626D00ECEA2F /* Release */,
			);
			defaultConfigurationIsVisible = 0;
			defaultConfigurationName = Release;
		};
/* End XCConfigurationList section */
	};
	rootObject = DE7A9F0D224F626B00ECEA2F /* Project object */;
}
